
Microsoft Visual Studio Solution File, Format Version 12.00
# Visual Studio Version 16
VisualStudioVersion = 16.0.32929.386
MinimumVisualStudioVersion = 10.0.40219.1
Project("{FAE04EC0-301F-11D3-BF4B-00C04F79EFBC}") = "TechOnStudy_CMS", "TechOnStudy_CMS\TechOnStudy_CMS.csproj", "{03DF28A4-6504-4CA3-80CD-769F0D5887DB}"
EndProject
Global
	GlobalSection(SolutionConfigurationPlatforms) = preSolution
		Debug|Any CPU = Debug|Any CPU
		Release|Any CPU = Release|Any CPU
	EndGlobalSection
	GlobalSection(ProjectConfigurationPlatforms) = postSolution
		{03DF28A4-6504-4CA3-80CD-769F0D5887DB}.Debug|Any CPU.ActiveCfg = Debug|Any CPU
		{03DF28A4-6504-4CA3-80CD-769F0D5887DB}.Debug|Any CPU.Build.0 = Debug|Any CPU
		{03DF28A4-6504-4CA3-80CD-769F0D5887DB}.Release|Any CPU.ActiveCfg = Release|Any CPU
		{03DF28A4-6504-4CA3-80CD-769F0D5887DB}.Release|Any CPU.Build.0 = Release|Any CPU
	EndGlobalSection
	GlobalSection(SolutionProperties) = preSolution
		HideSolutionNode = FALSE
	EndGlobalSection
	GlobalSection(ExtensibilityGlobals) = postSolution
		SolutionGuid = {4B9823C9-0276-4BF7-B247-9776DDEA5CDF}
	EndGlobalSection
EndGlobal
